
Microsoft Visual Studio Solution File, Format Version 12.00
# Visual Studio Version 16
VisualStudioVersion = 16.0.31205.134
MinimumVisualStudioVersion = 10.0.40219.1
Project("{FAE04EC0-301F-11D3-BF4B-00C04F79EFBC}") = "Fintek.Common.IMAP", "Fintek.Common.IMAP\Fintek.Common.IMAP.csproj", "{B383E80F-0B52-48F7-94E1-5F4C2AF74833}"
EndProject
Global
	GlobalSection(SolutionConfigurationPlatforms) = preSolution
		Debug|Any CPU = Debug|Any CPU
		Release|Any CPU = Release|Any CPU
	EndGlobalSection
	GlobalSection(ProjectConfigurationPlatforms) = postSolution
		{B383E80F-0B52-48F7-94E1-5F4C2AF74833}.Debug|Any CPU.ActiveCfg = Debug|Any CPU
		{B383E80F-0B52-48F7-94E1-5F4C2AF74833}.Debug|Any CPU.Build.0 = Debug|Any CPU
		{B383E80F-0B52-48F7-94E1-5F4C2AF74833}.Release|Any CPU.ActiveCfg = Release|Any CPU
		{B383E80F-0B52-48F7-94E1-5F4C2AF74833}.Release|Any CPU.Build.0 = Release|Any CPU
	EndGlobalSection
	GlobalSection(SolutionProperties) = preSolution
		HideSolutionNode = FALSE
	EndGlobalSection
	GlobalSection(ExtensibilityGlobals) = postSolution
		SolutionGuid = {5F9CF684-AEEA-480A-B739-B3FBCD542867}
	EndGlobalSection
EndGlobal
